// !$*UTF8*$!
{
	archiveVersion = 1;
	classes = {
	};
	objectVersion = 46;
	objects = {

/* Begin PBXBuildFile section */
		057DC25C181DE6AE00D15995 /* Foundation.framework in Frameworks */ = {isa = PBXBuildFile; fileRef = 057DC25B181DE6AE00D15995 /* Foundation.framework */; };
		057DC25E181DE6AE00D15995 /* CoreGraphics.framework in Frameworks */ = {isa = PBXBuildFile; fileRef = 057DC25D181DE6AE00D15995 /* CoreGraphics.framework */; };
		057DC260181DE6AE00D15995 /* UIKit.framework in Frameworks */ = {isa = PBXBuildFile; fileRef = 057DC25F181DE6AE00D15995 /* UIKit.framework */; };
		530838121A1B7BCD001FA202 /* VotingTableViewController.m in Sources */ = {isa = PBXBuildFile; fileRef = 530838111A1B7BCD001FA202 /* VotingTableViewController.m */; };
		530838171A1B81CD001FA202 /* Reachability.m in Sources */ = {isa = PBXBuildFile; fileRef = 530838161A1B81CD001FA202 /* Reachability.m */; };
		5308381B1A1BA9FC001FA202 /* ServerViewController.m in Sources */ = {isa = PBXBuildFile; fileRef = 5308381A1A1BA9FC001FA202 /* ServerViewController.m */; };
		BDF519AE1A252722003D742C /* Novocaine.m in Sources */ = {isa = PBXBuildFile; fileRef = BDF519A91A252722003D742C /* Novocaine.m */; };
		BDF519CA1A2629A7003D742C /* JSONModel.m in Sources */ = {isa = PBXBuildFile; fileRef = BDF519B31A2629A7003D742C /* JSONModel.m */; };
		BDF519CB1A2629A7003D742C /* JSONModelArray.m in Sources */ = {isa = PBXBuildFile; fileRef = BDF519B51A2629A7003D742C /* JSONModelArray.m */; };
		BDF519CC1A2629A7003D742C /* JSONModelClassProperty.m in Sources */ = {isa = PBXBuildFile; fileRef = BDF519B71A2629A7003D742C /* JSONModelClassProperty.m */; };
		BDF519CD1A2629A7003D742C /* JSONModelError.m in Sources */ = {isa = PBXBuildFile; fileRef = BDF519B91A2629A7003D742C /* JSONModelError.m */; };
		BDF519CE1A2629A7003D742C /* NSArray+JSONModel.m in Sources */ = {isa = PBXBuildFile; fileRef = BDF519BC1A2629A7003D742C /* NSArray+JSONModel.m */; };
		BDF519CF1A2629A7003D742C /* JSONAPI.m in Sources */ = {isa = PBXBuildFile; fileRef = BDF519C01A2629A7003D742C /* JSONAPI.m */; };
		BDF519D01A2629A7003D742C /* JSONHTTPClient.m in Sources */ = {isa = PBXBuildFile; fileRef = BDF519C21A2629A7003D742C /* JSONHTTPClient.m */; };
		BDF519D11A2629A7003D742C /* JSONModel+networking.m in Sources */ = {isa = PBXBuildFile; fileRef = BDF519C41A2629A7003D742C /* JSONModel+networking.m */; };
		BDF519D21A2629A7003D742C /* JSONKeyMapper.m in Sources */ = {isa = PBXBuildFile; fileRef = BDF519C71A2629A7003D742C /* JSONKeyMapper.m */; };
		BDF519D31A2629A7003D742C /* JSONValueTransformer.m in Sources */ = {isa = PBXBuildFile; fileRef = BDF519C91A2629A7003D742C /* JSONValueTransformer.m */; };
		BDF519D61A262CBC003D742C /* CommunicationModel.m in Sources */ = {isa = PBXBuildFile; fileRef = BDF519D51A262CBC003D742C /* CommunicationModel.m */; };
		F32765061A1AB8A60071EA4C /* ECPercentDrivenInteractiveTransition.m in Sources */ = {isa = PBXBuildFile; fileRef = F32764FA1A1AB8A60071EA4C /* ECPercentDrivenInteractiveTransition.m */; };
		F32765071A1AB8A60071EA4C /* ECSlidingAnimationController.m in Sources */ = {isa = PBXBuildFile; fileRef = F32764FC1A1AB8A60071EA4C /* ECSlidingAnimationController.m */; };
		F32765081A1AB8A60071EA4C /* ECSlidingInteractiveTransition.m in Sources */ = {isa = PBXBuildFile; fileRef = F32764FF1A1AB8A60071EA4C /* ECSlidingInteractiveTransition.m */; };
		F32765091A1AB8A60071EA4C /* ECSlidingSegue.m in Sources */ = {isa = PBXBuildFile; fileRef = F32765011A1AB8A60071EA4C /* ECSlidingSegue.m */; };
		F327650A1A1AB8A60071EA4C /* ECSlidingViewController.m in Sources */ = {isa = PBXBuildFile; fileRef = F32765031A1AB8A60071EA4C /* ECSlidingViewController.m */; };
		F327650B1A1AB8A60071EA4C /* UIViewController+ECSlidingViewController.m in Sources */ = {isa = PBXBuildFile; fileRef = F32765051A1AB8A60071EA4C /* UIViewController+ECSlidingViewController.m */; };
		F32765F21A1ADB000071EA4C /* Documentation.html in Resources */ = {isa = PBXBuildFile; fileRef = F32765111A1ADB000071EA4C /* Documentation.html */; };
		F32765F31A1ADB000071EA4C /* GCDAsyncSocket.m in Sources */ = {isa = PBXBuildFile; fileRef = F32765131A1ADB000071EA4C /* GCDAsyncSocket.m */; };
		F32765F41A1ADB000071EA4C /* GCDAsyncUdpSocket.m in Sources */ = {isa = PBXBuildFile; fileRef = F32765151A1ADB000071EA4C /* GCDAsyncUdpSocket.m */; };
		F32766861A1ADB070071EA4C /* DDAbstractDatabaseLogger.m in Sources */ = {isa = PBXBuildFile; fileRef = F32766741A1ADB070071EA4C /* DDAbstractDatabaseLogger.m */; };
		F32766871A1ADB070071EA4C /* DDASLLogger.m in Sources */ = {isa = PBXBuildFile; fileRef = F32766761A1ADB070071EA4C /* DDASLLogger.m */; };
		F32766881A1ADB070071EA4C /* DDFileLogger.m in Sources */ = {isa = PBXBuildFile; fileRef = F32766781A1ADB070071EA4C /* DDFileLogger.m */; };
		F32766891A1ADB070071EA4C /* DDLog.m in Sources */ = {isa = PBXBuildFile; fileRef = F327667B1A1ADB070071EA4C /* DDLog.m */; };
		F327668A1A1ADB070071EA4C /* DDTTYLogger.m in Sources */ = {isa = PBXBuildFile; fileRef = F327667D1A1ADB070071EA4C /* DDTTYLogger.m */; };
		F327668B1A1ADB070071EA4C /* DDContextFilterLogFormatter.m in Sources */ = {isa = PBXBuildFile; fileRef = F32766801A1ADB070071EA4C /* DDContextFilterLogFormatter.m */; };
		F327668C1A1ADB070071EA4C /* DDDispatchQueueLogFormatter.m in Sources */ = {isa = PBXBuildFile; fileRef = F32766821A1ADB070071EA4C /* DDDispatchQueueLogFormatter.m */; };
		F327668D1A1ADB070071EA4C /* DDMultiFormatter.m in Sources */ = {isa = PBXBuildFile; fileRef = F32766841A1ADB070071EA4C /* DDMultiFormatter.m */; };
		F327668E1A1ADB070071EA4C /* README.txt in Resources */ = {isa = PBXBuildFile; fileRef = F32766851A1ADB070071EA4C /* README.txt */; };
		F32766B11A1ADF000071EA4C /* AppDelegate.m in Sources */ = {isa = PBXBuildFile; fileRef = F32766941A1ADF000071EA4C /* AppDelegate.m */; };
		F32766B61A1ADF000071EA4C /* InfoPlist.strings in Resources */ = {isa = PBXBuildFile; fileRef = F327669D1A1ADF000071EA4C /* InfoPlist.strings */; };
		F32766B71A1ADF000071EA4C /* Images.xcassets in Resources */ = {isa = PBXBuildFile; fileRef = F327669F1A1ADF000071EA4C /* Images.xcassets */; };
		F32766B81A1ADF000071EA4C /* main.m in Sources */ = {isa = PBXBuildFile; fileRef = F32766A01A1ADF000071EA4C /* main.m */; };
		F32766B91A1ADF000071EA4C /* MEDynamicTransition.m in Sources */ = {isa = PBXBuildFile; fileRef = F32766A21A1ADF000071EA4C /* MEDynamicTransition.m */; };
		F32766BA1A1ADF000071EA4C /* MEFoldAnimationController.m in Sources */ = {isa = PBXBuildFile; fileRef = F32766A41A1ADF000071EA4C /* MEFoldAnimationController.m */; };
		F32766BB1A1ADF000071EA4C /* MenuViewController.m in Sources */ = {isa = PBXBuildFile; fileRef = F32766A61A1ADF000071EA4C /* MenuViewController.m */; };
		F32766BD1A1ADF000071EA4C /* METransitions.m in Sources */ = {isa = PBXBuildFile; fileRef = F32766AA1A1ADF000071EA4C /* METransitions.m */; };
		F32766BE1A1ADF000071EA4C /* ConferenceViewController.m in Sources */ = {isa = PBXBuildFile; fileRef = F32766AC1A1ADF000071EA4C /* ConferenceViewController.m */; };
		F32766BF1A1ADF000071EA4C /* MEZoomAnimationController.m in Sources */ = {isa = PBXBuildFile; fileRef = F32766AE1A1ADF000071EA4C /* MEZoomAnimationController.m */; };
		F32766C01A1ADF000071EA4C /* UserDataViewController.m in Sources */ = {isa = PBXBuildFile; fileRef = F32766B01A1ADF000071EA4C /* UserDataViewController.m */; };
		F32766C11A1ADFFD0071EA4C /* Main-iPad.storyboard in Resources */ = {isa = PBXBuildFile; fileRef = F32766951A1ADF000071EA4C /* Main-iPad.storyboard */; };
		F32766C21A1ADFFD0071EA4C /* Main.storyboard in Resources */ = {isa = PBXBuildFile; fileRef = F32766971A1ADF000071EA4C /* Main.storyboard */; };
		F3526EFB1A1D5E900083A989 /* ServerDataProcessing.m in Sources */ = {isa = PBXBuildFile; fileRef = F3526EFA1A1D5E900083A989 /* ServerDataProcessing.m */; };
		F3526F001A1E06CB0083A989 /* AVFoundation.framework in Frameworks */ = {isa = PBXBuildFile; fileRef = F3526EFF1A1E06CB0083A989 /* AVFoundation.framework */; };
		F3526F031A214C540083A989 /* ProgramViewController.m in Sources */ = {isa = PBXBuildFile; fileRef = F3526F021A214C540083A989 /* ProgramViewController.m */; };
		F355C8A61A226D6C00AC1B2F /* QuestionTableViewCell.m in Sources */ = {isa = PBXBuildFile; fileRef = F355C8A41A226D6C00AC1B2F /* QuestionTableViewCell.m */; };
		F355C8A71A226D6C00AC1B2F /* QuestionTableViewCell.xib in Resources */ = {isa = PBXBuildFile; fileRef = F355C8A51A226D6C00AC1B2F /* QuestionTableViewCell.xib */; };
		F355C8AA1A22B0C600AC1B2F /* VoiceSocketProcessing.m in Sources */ = {isa = PBXBuildFile; fileRef = F355C8A91A22B0C600AC1B2F /* VoiceSocketProcessing.m */; };
		F355C8AE1A22CB0300AC1B2F /* AnswersTableViewCell.m in Sources */ = {isa = PBXBuildFile; fileRef = F355C8AC1A22CB0300AC1B2F /* AnswersTableViewCell.m */; };
		F355C8AF1A22CB0300AC1B2F /* AnswersTableViewCell.xib in Resources */ = {isa = PBXBuildFile; fileRef = F355C8AD1A22CB0300AC1B2F /* AnswersTableViewCell.xib */; };
/* End PBXBuildFile section */

/* Begin PBXFileReference section */
		057DC258181DE6AE00D15995 /* ConferenceSpeaker.app */ = {isa = PBXFileReference; explicitFileType = wrapper.application; includeInIndex = 0; path = ConferenceSpeaker.app; sourceTree = BUILT_PRODUCTS_DIR; };
		057DC25B181DE6AE00D15995 /* Foundation.framework */ = {isa = PBXFileReference; lastKnownFileType = wrapper.framework; name = Foundation.framework; path = System/Library/Frameworks/Foundation.framework; sourceTree = SDKROOT; };
		057DC25D181DE6AE00D15995 /* CoreGraphics.framework */ = {isa = PBXFileReference; lastKnownFileType = wrapper.framework; name = CoreGraphics.framework; path = System/Library/Frameworks/CoreGraphics.framework; sourceTree = SDKROOT; };
		057DC25F181DE6AE00D15995 /* UIKit.framework */ = {isa = PBXFileReference; lastKnownFileType = wrapper.framework; name = UIKit.framework; path = System/Library/Frameworks/UIKit.framework; sourceTree = SDKROOT; };
		057DC27A181DE6AE00D15995 /* XCTest.framework */ = {isa = PBXFileReference; lastKnownFileType = wrapper.framework; name = XCTest.framework; path = Library/Frameworks/XCTest.framework; sourceTree = DEVELOPER_DIR; };
		530838101A1B7BCD001FA202 /* VotingTableViewController.h */ = {isa = PBXFileReference; fileEncoding = 4; lastKnownFileType = sourcecode.c.h; path = VotingTableViewController.h; sourceTree = "<group>"; };
		530838111A1B7BCD001FA202 /* VotingTableViewController.m */ = {isa = PBXFileReference; fileEncoding = 4; lastKnownFileType = sourcecode.c.objc; path = VotingTableViewController.m; sourceTree = "<group>"; };
		530838151A1B81CD001FA202 /* Reachability.h */ = {isa = PBXFileReference; fileEncoding = 4; lastKnownFileType = sourcecode.c.h; path = Reachability.h; sourceTree = "<group>"; };
		530838161A1B81CD001FA202 /* Reachability.m */ = {isa = PBXFileReference; fileEncoding = 4; lastKnownFileType = sourcecode.c.objc; path = Reachability.m; sourceTree = "<group>"; };
		530838191A1BA9FC001FA202 /* ServerViewController.h */ = {isa = PBXFileReference; fileEncoding = 4; lastKnownFileType = sourcecode.c.h; path = ServerViewController.h; sourceTree = "<group>"; };
		5308381A1A1BA9FC001FA202 /* ServerViewController.m */ = {isa = PBXFileReference; fileEncoding = 4; lastKnownFileType = sourcecode.c.objc; path = ServerViewController.m; sourceTree = "<group>"; };
		536915851A1CF6D2005F5301 /* Constants.h */ = {isa = PBXFileReference; lastKnownFileType = sourcecode.c.h; path = Constants.h; sourceTree = "<group>"; };
		BDF519A81A252722003D742C /* Novocaine.h */ = {isa = PBXFileReference; fileEncoding = 4; lastKnownFileType = sourcecode.c.h; path = Novocaine.h; sourceTree = "<group>"; };
		BDF519A91A252722003D742C /* Novocaine.m */ = {isa = PBXFileReference; fileEncoding = 4; lastKnownFileType = sourcecode.c.objc; path = Novocaine.m; sourceTree = "<group>"; };
		BDF519B21A2629A7003D742C /* JSONModel.h */ = {isa = PBXFileReference; fileEncoding = 4; lastKnownFileType = sourcecode.c.h; path = JSONModel.h; sourceTree = "<group>"; };
		BDF519B31A2629A7003D742C /* JSONModel.m */ = {isa = PBXFileReference; fileEncoding = 4; lastKnownFileType = sourcecode.c.objc; path = JSONModel.m; sourceTree = "<group>"; };
		BDF519B41A2629A7003D742C /* JSONModelArray.h */ = {isa = PBXFileReference; fileEncoding = 4; lastKnownFileType = sourcecode.c.h; path = JSONModelArray.h; sourceTree = "<group>"; };
		BDF519B51A2629A7003D742C /* JSONModelArray.m */ = {isa = PBXFileReference; fileEncoding = 4; lastKnownFileType = sourcecode.c.objc; path = JSONModelArray.m; sourceTree = "<group>"; };
		BDF519B61A2629A7003D742C /* JSONModelClassProperty.h */ = {isa = PBXFileReference; fileEncoding = 4; lastKnownFileType = sourcecode.c.h; path = JSONModelClassProperty.h; sourceTree = "<group>"; };
		BDF519B71A2629A7003D742C /* JSONModelClassProperty.m */ = {isa = PBXFileReference; fileEncoding = 4; lastKnownFileType = sourcecode.c.objc; path = JSONModelClassProperty.m; sourceTree = "<group>"; };
		BDF519B81A2629A7003D742C /* JSONModelError.h */ = {isa = PBXFileReference; fileEncoding = 4; lastKnownFileType = sourcecode.c.h; path = JSONModelError.h; sourceTree = "<group>"; };
		BDF519B91A2629A7003D742C /* JSONModelError.m */ = {isa = PBXFileReference; fileEncoding = 4; lastKnownFileType = sourcecode.c.objc; path = JSONModelError.m; sourceTree = "<group>"; };
		BDF519BB1A2629A7003D742C /* NSArray+JSONModel.h */ = {isa = PBXFileReference; fileEncoding = 4; lastKnownFileType = sourcecode.c.h; path = "NSArray+JSONModel.h"; sourceTree = "<group>"; };
		BDF519BC1A2629A7003D742C /* NSArray+JSONModel.m */ = {isa = PBXFileReference; fileEncoding = 4; lastKnownFileType = sourcecode.c.objc; path = "NSArray+JSONModel.m"; sourceTree = "<group>"; };
		BDF519BD1A2629A7003D742C /* JSONModelLib.h */ = {isa = PBXFileReference; fileEncoding = 4; lastKnownFileType = sourcecode.c.h; path = JSONModelLib.h; sourceTree = "<group>"; };
		BDF519BF1A2629A7003D742C /* JSONAPI.h */ = {isa = PBXFileReference; fileEncoding = 4; lastKnownFileType = sourcecode.c.h; path = JSONAPI.h; sourceTree = "<group>"; };
		BDF519C01A2629A7003D742C /* JSONAPI.m */ = {isa = PBXFileReference; fileEncoding = 4; lastKnownFileType = sourcecode.c.objc; path = JSONAPI.m; sourceTree = "<group>"; };
		BDF519C11A2629A7003D742C /* JSONHTTPClient.h */ = {isa = PBXFileReference; fileEncoding = 4; lastKnownFileType = sourcecode.c.h; path = JSONHTTPClient.h; sourceTree = "<group>"; };
		BDF519C21A2629A7003D742C /* JSONHTTPClient.m */ = {isa = PBXFileReference; fileEncoding = 4; lastKnownFileType = sourcecode.c.objc; path = JSONHTTPClient.m; sourceTree = "<group>"; };
		BDF519C31A2629A7003D742C /* JSONModel+networking.h */ = {isa = PBXFileReference; fileEncoding = 4; lastKnownFileType = sourcecode.c.h; path = "JSONModel+networking.h"; sourceTree = "<group>"; };
		BDF519C41A2629A7003D742C /* JSONModel+networking.m */ = {isa = PBXFileReference; fileEncoding = 4; lastKnownFileType = sourcecode.c.objc; path = "JSONModel+networking.m"; sourceTree = "<group>"; };
		BDF519C61A2629A7003D742C /* JSONKeyMapper.h */ = {isa = PBXFileReference; fileEncoding = 4; lastKnownFileType = sourcecode.c.h; path = JSONKeyMapper.h; sourceTree = "<group>"; };
		BDF519C71A2629A7003D742C /* JSONKeyMapper.m */ = {isa = PBXFileReference; fileEncoding = 4; lastKnownFileType = sourcecode.c.objc; path = JSONKeyMapper.m; sourceTree = "<group>"; };
		BDF519C81A2629A7003D742C /* JSONValueTransformer.h */ = {isa = PBXFileReference; fileEncoding = 4; lastKnownFileType = sourcecode.c.h; path = JSONValueTransformer.h; sourceTree = "<group>"; };
		BDF519C91A2629A7003D742C /* JSONValueTransformer.m */ = {isa = PBXFileReference; fileEncoding = 4; lastKnownFileType = sourcecode.c.objc; path = JSONValueTransformer.m; sourceTree = "<group>"; };
		BDF519D41A2629F0003D742C /* CommunicationModel.h */ = {isa = PBXFileReference; fileEncoding = 4; lastKnownFileType = sourcecode.c.h; path = CommunicationModel.h; sourceTree = "<group>"; };
		BDF519D51A262CBC003D742C /* CommunicationModel.m */ = {isa = PBXFileReference; fileEncoding = 4; lastKnownFileType = sourcecode.c.objc; path = CommunicationModel.m; sourceTree = "<group>"; };
		F32764F91A1AB8A60071EA4C /* ECPercentDrivenInteractiveTransition.h */ = {isa = PBXFileReference; fileEncoding = 4; lastKnownFileType = sourcecode.c.h; path = ECPercentDrivenInteractiveTransition.h; sourceTree = "<group>"; };
		F32764FA1A1AB8A60071EA4C /* ECPercentDrivenInteractiveTransition.m */ = {isa = PBXFileReference; fileEncoding = 4; lastKnownFileType = sourcecode.c.objc; path = ECPercentDrivenInteractiveTransition.m; sourceTree = "<group>"; };
		F32764FB1A1AB8A60071EA4C /* ECSlidingAnimationController.h */ = {isa = PBXFileReference; fileEncoding = 4; lastKnownFileType = sourcecode.c.h; path = ECSlidingAnimationController.h; sourceTree = "<group>"; };
		F32764FC1A1AB8A60071EA4C /* ECSlidingAnimationController.m */ = {isa = PBXFileReference; fileEncoding = 4; lastKnownFileType = sourcecode.c.objc; path = ECSlidingAnimationController.m; sourceTree = "<group>"; };
		F32764FD1A1AB8A60071EA4C /* ECSlidingConstants.h */ = {isa = PBXFileReference; fileEncoding = 4; lastKnownFileType = sourcecode.c.h; path = ECSlidingConstants.h; sourceTree = "<group>"; };
		F32764FE1A1AB8A60071EA4C /* ECSlidingInteractiveTransition.h */ = {isa = PBXFileReference; fileEncoding = 4; lastKnownFileType = sourcecode.c.h; path = ECSlidingInteractiveTransition.h; sourceTree = "<group>"; };
		F32764FF1A1AB8A60071EA4C /* ECSlidingInteractiveTransition.m */ = {isa = PBXFileReference; fileEncoding = 4; lastKnownFileType = sourcecode.c.objc; path = ECSlidingInteractiveTransition.m; sourceTree = "<group>"; };
		F32765001A1AB8A60071EA4C /* ECSlidingSegue.h */ = {isa = PBXFileReference; fileEncoding = 4; lastKnownFileType = sourcecode.c.h; path = ECSlidingSegue.h; sourceTree = "<group>"; };
		F32765011A1AB8A60071EA4C /* ECSlidingSegue.m */ = {isa = PBXFileReference; fileEncoding = 4; lastKnownFileType = sourcecode.c.objc; path = ECSlidingSegue.m; sourceTree = "<group>"; };
		F32765021A1AB8A60071EA4C /* ECSlidingViewController.h */ = {isa = PBXFileReference; fileEncoding = 4; lastKnownFileType = sourcecode.c.h; path = ECSlidingViewController.h; sourceTree = "<group>"; };
		F32765031A1AB8A60071EA4C /* ECSlidingViewController.m */ = {isa = PBXFileReference; fileEncoding = 4; lastKnownFileType = sourcecode.c.objc; path = ECSlidingViewController.m; sourceTree = "<group>"; };
		F32765041A1AB8A60071EA4C /* UIViewController+ECSlidingViewController.h */ = {isa = PBXFileReference; fileEncoding = 4; lastKnownFileType = sourcecode.c.h; path = "UIViewController+ECSlidingViewController.h"; sourceTree = "<group>"; };
		F32765051A1AB8A60071EA4C /* UIViewController+ECSlidingViewController.m */ = {isa = PBXFileReference; fileEncoding = 4; lastKnownFileType = sourcecode.c.objc; path = "UIViewController+ECSlidingViewController.m"; sourceTree = "<group>"; };
		F32765111A1ADB000071EA4C /* Documentation.html */ = {isa = PBXFileReference; fileEncoding = 4; lastKnownFileType = text.html; path = Documentation.html; sourceTree = "<group>"; };
		F32765121A1ADB000071EA4C /* GCDAsyncSocket.h */ = {isa = PBXFileReference; fileEncoding = 4; lastKnownFileType = sourcecode.c.h; path = GCDAsyncSocket.h; sourceTree = "<group>"; };
		F32765131A1ADB000071EA4C /* GCDAsyncSocket.m */ = {isa = PBXFileReference; fileEncoding = 4; lastKnownFileType = sourcecode.c.objc; path = GCDAsyncSocket.m; sourceTree = "<group>"; };
		F32765141A1ADB000071EA4C /* GCDAsyncUdpSocket.h */ = {isa = PBXFileReference; fileEncoding = 4; lastKnownFileType = sourcecode.c.h; path = GCDAsyncUdpSocket.h; sourceTree = "<group>"; };
		F32765151A1ADB000071EA4C /* GCDAsyncUdpSocket.m */ = {isa = PBXFileReference; fileEncoding = 4; lastKnownFileType = sourcecode.c.objc; path = GCDAsyncUdpSocket.m; sourceTree = "<group>"; };
		F32766731A1ADB070071EA4C /* DDAbstractDatabaseLogger.h */ = {isa = PBXFileReference; fileEncoding = 4; lastKnownFileType = sourcecode.c.h; path = DDAbstractDatabaseLogger.h; sourceTree = "<group>"; };
		F32766741A1ADB070071EA4C /* DDAbstractDatabaseLogger.m */ = {isa = PBXFileReference; fileEncoding = 4; lastKnownFileType = sourcecode.c.objc; path = DDAbstractDatabaseLogger.m; sourceTree = "<group>"; };
		F32766751A1ADB070071EA4C /* DDASLLogger.h */ = {isa = PBXFileReference; fileEncoding = 4; lastKnownFileType = sourcecode.c.h; path = DDASLLogger.h; sourceTree = "<group>"; };
		F32766761A1ADB070071EA4C /* DDASLLogger.m */ = {isa = PBXFileReference; fileEncoding = 4; lastKnownFileType = sourcecode.c.objc; path = DDASLLogger.m; sourceTree = "<group>"; };
		F32766771A1ADB070071EA4C /* DDFileLogger.h */ = {isa = PBXFileReference; fileEncoding = 4; lastKnownFileType = sourcecode.c.h; path = DDFileLogger.h; sourceTree = "<group>"; };
		F32766781A1ADB070071EA4C /* DDFileLogger.m */ = {isa = PBXFileReference; fileEncoding = 4; lastKnownFileType = sourcecode.c.objc; path = DDFileLogger.m; sourceTree = "<group>"; };
		F32766791A1ADB070071EA4C /* DDLog+LOGV.h */ = {isa = PBXFileReference; fileEncoding = 4; lastKnownFileType = sourcecode.c.h; path = "DDLog+LOGV.h"; sourceTree = "<group>"; };
		F327667A1A1ADB070071EA4C /* DDLog.h */ = {isa = PBXFileReference; fileEncoding = 4; lastKnownFileType = sourcecode.c.h; path = DDLog.h; sourceTree = "<group>"; };
		F327667B1A1ADB070071EA4C /* DDLog.m */ = {isa = PBXFileReference; fileEncoding = 4; lastKnownFileType = sourcecode.c.objc; path = DDLog.m; sourceTree = "<group>"; };
		F327667C1A1ADB070071EA4C /* DDTTYLogger.h */ = {isa = PBXFileReference; fileEncoding = 4; lastKnownFileType = sourcecode.c.h; path = DDTTYLogger.h; sourceTree = "<group>"; };
		F327667D1A1ADB070071EA4C /* DDTTYLogger.m */ = {isa = PBXFileReference; fileEncoding = 4; lastKnownFileType = sourcecode.c.objc; path = DDTTYLogger.m; sourceTree = "<group>"; };
		F327667F1A1ADB070071EA4C /* DDContextFilterLogFormatter.h */ = {isa = PBXFileReference; fileEncoding = 4; lastKnownFileType = sourcecode.c.h; path = DDContextFilterLogFormatter.h; sourceTree = "<group>"; };
		F32766801A1ADB070071EA4C /* DDContextFilterLogFormatter.m */ = {isa = PBXFileReference; fileEncoding = 4; lastKnownFileType = sourcecode.c.objc; path = DDContextFilterLogFormatter.m; sourceTree = "<group>"; };
		F32766811A1ADB070071EA4C /* DDDispatchQueueLogFormatter.h */ = {isa = PBXFileReference; fileEncoding = 4; lastKnownFileType = sourcecode.c.h; path = DDDispatchQueueLogFormatter.h; sourceTree = "<group>"; };
		F32766821A1ADB070071EA4C /* DDDispatchQueueLogFormatter.m */ = {isa = PBXFileReference; fileEncoding = 4; lastKnownFileType = sourcecode.c.objc; path = DDDispatchQueueLogFormatter.m; sourceTree = "<group>"; };
		F32766831A1ADB070071EA4C /* DDMultiFormatter.h */ = {isa = PBXFileReference; fileEncoding = 4; lastKnownFileType = sourcecode.c.h; path = DDMultiFormatter.h; sourceTree = "<group>"; };
		F32766841A1ADB070071EA4C /* DDMultiFormatter.m */ = {isa = PBXFileReference; fileEncoding = 4; lastKnownFileType = sourcecode.c.objc; path = DDMultiFormatter.m; sourceTree = "<group>"; };
		F32766851A1ADB070071EA4C /* README.txt */ = {isa = PBXFileReference; fileEncoding = 4; lastKnownFileType = text; path = README.txt; sourceTree = "<group>"; };
		F32766931A1ADF000071EA4C /* AppDelegate.h */ = {isa = PBXFileReference; fileEncoding = 4; lastKnownFileType = sourcecode.c.h; path = AppDelegate.h; sourceTree = "<group>"; };
		F32766941A1ADF000071EA4C /* AppDelegate.m */ = {isa = PBXFileReference; fileEncoding = 4; lastKnownFileType = sourcecode.c.objc; path = AppDelegate.m; sourceTree = "<group>"; };
		F32766961A1ADF000071EA4C /* Base */ = {isa = PBXFileReference; lastKnownFileType = file.storyboard; name = Base; path = "Base.lproj/Main-iPad.storyboard"; sourceTree = "<group>"; };
		F32766981A1ADF000071EA4C /* Base */ = {isa = PBXFileReference; lastKnownFileType = file.storyboard; name = Base; path = Base.lproj/Main.storyboard; sourceTree = "<group>"; };
		F32766991A1ADF000071EA4C /* ConferenceSpeaker-Info.plist */ = {isa = PBXFileReference; fileEncoding = 4; lastKnownFileType = text.plist.xml; path = "ConferenceSpeaker-Info.plist"; sourceTree = "<group>"; };
		F327669A1A1ADF000071EA4C /* ConferenceSpeaker-Prefix.pch */ = {isa = PBXFileReference; fileEncoding = 4; lastKnownFileType = sourcecode.c.h; path = "ConferenceSpeaker-Prefix.pch"; sourceTree = "<group>"; };
		F327669E1A1ADF000071EA4C /* en */ = {isa = PBXFileReference; lastKnownFileType = text.plist.strings; name = en; path = en.lproj/InfoPlist.strings; sourceTree = "<group>"; };
		F327669F1A1ADF000071EA4C /* Images.xcassets */ = {isa = PBXFileReference; lastKnownFileType = folder.assetcatalog; path = Images.xcassets; sourceTree = "<group>"; };
		F32766A01A1ADF000071EA4C /* main.m */ = {isa = PBXFileReference; fileEncoding = 4; lastKnownFileType = sourcecode.c.objc; path = main.m; sourceTree = "<group>"; };
		F32766A11A1ADF000071EA4C /* MEDynamicTransition.h */ = {isa = PBXFileReference; fileEncoding = 4; lastKnownFileType = sourcecode.c.h; path = MEDynamicTransition.h; sourceTree = "<group>"; };
		F32766A21A1ADF000071EA4C /* MEDynamicTransition.m */ = {isa = PBXFileReference; fileEncoding = 4; lastKnownFileType = sourcecode.c.objc; path = MEDynamicTransition.m; sourceTree = "<group>"; };
		F32766A31A1ADF000071EA4C /* MEFoldAnimationController.h */ = {isa = PBXFileReference; fileEncoding = 4; lastKnownFileType = sourcecode.c.h; path = MEFoldAnimationController.h; sourceTree = "<group>"; };
		F32766A41A1ADF000071EA4C /* MEFoldAnimationController.m */ = {isa = PBXFileReference; fileEncoding = 4; lastKnownFileType = sourcecode.c.objc; path = MEFoldAnimationController.m; sourceTree = "<group>"; };
		F32766A51A1ADF000071EA4C /* MenuViewController.h */ = {isa = PBXFileReference; fileEncoding = 4; lastKnownFileType = sourcecode.c.h; path = MenuViewController.h; sourceTree = "<group>"; };
		F32766A61A1ADF000071EA4C /* MenuViewController.m */ = {isa = PBXFileReference; fileEncoding = 4; lastKnownFileType = sourcecode.c.objc; path = MenuViewController.m; sourceTree = "<group>"; };
		F32766A91A1ADF000071EA4C /* METransitions.h */ = {isa = PBXFileReference; fileEncoding = 4; lastKnownFileType = sourcecode.c.h; path = METransitions.h; sourceTree = "<group>"; };
		F32766AA1A1ADF000071EA4C /* METransitions.m */ = {isa = PBXFileReference; fileEncoding = 4; lastKnownFileType = sourcecode.c.objc; path = METransitions.m; sourceTree = "<group>"; };
		F32766AB1A1ADF000071EA4C /* ConferenceViewController.h */ = {isa = PBXFileReference; fileEncoding = 4; lastKnownFileType = sourcecode.c.h; path = ConferenceViewController.h; sourceTree = "<group>"; };
		F32766AC1A1ADF000071EA4C /* ConferenceViewController.m */ = {isa = PBXFileReference; fileEncoding = 4; lastKnownFileType = sourcecode.c.objc; path = ConferenceViewController.m; sourceTree = "<group>"; };
		F32766AD1A1ADF000071EA4C /* MEZoomAnimationController.h */ = {isa = PBXFileReference; fileEncoding = 4; lastKnownFileType = sourcecode.c.h; path = MEZoomAnimationController.h; sourceTree = "<group>"; };
		F32766AE1A1ADF000071EA4C /* MEZoomAnimationController.m */ = {isa = PBXFileReference; fileEncoding = 4; lastKnownFileType = sourcecode.c.objc; path = MEZoomAnimationController.m; sourceTree = "<group>"; };
		F32766AF1A1ADF000071EA4C /* UserDataViewController.h */ = {isa = PBXFileReference; fileEncoding = 4; lastKnownFileType = sourcecode.c.h; path = UserDataViewController.h; sourceTree = "<group>"; };
		F32766B01A1ADF000071EA4C /* UserDataViewController.m */ = {isa = PBXFileReference; fileEncoding = 4; lastKnownFileType = sourcecode.c.objc; path = UserDataViewController.m; sourceTree = "<group>"; };
		F3526EF91A1D5E900083A989 /* ServerDataProcessing.h */ = {isa = PBXFileReference; fileEncoding = 4; lastKnownFileType = sourcecode.c.h; path = ServerDataProcessing.h; sourceTree = "<group>"; };
		F3526EFA1A1D5E900083A989 /* ServerDataProcessing.m */ = {isa = PBXFileReference; fileEncoding = 4; lastKnownFileType = sourcecode.c.objc; path = ServerDataProcessing.m; sourceTree = "<group>"; };
		F3526EFF1A1E06CB0083A989 /* AVFoundation.framework */ = {isa = PBXFileReference; lastKnownFileType = wrapper.framework; name = AVFoundation.framework; path = System/Library/Frameworks/AVFoundation.framework; sourceTree = SDKROOT; };
		F3526F011A214C540083A989 /* ProgramViewController.h */ = {isa = PBXFileReference; fileEncoding = 4; lastKnownFileType = sourcecode.c.h; path = ProgramViewController.h; sourceTree = "<group>"; };
		F3526F021A214C540083A989 /* ProgramViewController.m */ = {isa = PBXFileReference; fileEncoding = 4; lastKnownFileType = sourcecode.c.objc; path = ProgramViewController.m; sourceTree = "<group>"; };
		F355C8A31A226D6C00AC1B2F /* QuestionTableViewCell.h */ = {isa = PBXFileReference; fileEncoding = 4; lastKnownFileType = sourcecode.c.h; path = QuestionTableViewCell.h; sourceTree = "<group>"; };
		F355C8A41A226D6C00AC1B2F /* QuestionTableViewCell.m */ = {isa = PBXFileReference; fileEncoding = 4; lastKnownFileType = sourcecode.c.objc; path = QuestionTableViewCell.m; sourceTree = "<group>"; };
		F355C8A51A226D6C00AC1B2F /* QuestionTableViewCell.xib */ = {isa = PBXFileReference; fileEncoding = 4; lastKnownFileType = file.xib; path = QuestionTableViewCell.xib; sourceTree = "<group>"; };
		F355C8A81A22B0C600AC1B2F /* VoiceSocketProcessing.h */ = {isa = PBXFileReference; fileEncoding = 4; lastKnownFileType = sourcecode.c.h; path = VoiceSocketProcessing.h; sourceTree = "<group>"; };
		F355C8A91A22B0C600AC1B2F /* VoiceSocketProcessing.m */ = {isa = PBXFileReference; fileEncoding = 4; lastKnownFileType = sourcecode.c.objc; path = VoiceSocketProcessing.m; sourceTree = "<group>"; };
		F355C8AB1A22CB0300AC1B2F /* AnswersTableViewCell.h */ = {isa = PBXFileReference; fileEncoding = 4; lastKnownFileType = sourcecode.c.h; path = AnswersTableViewCell.h; sourceTree = "<group>"; };
		F355C8AC1A22CB0300AC1B2F /* AnswersTableViewCell.m */ = {isa = PBXFileReference; fileEncoding = 4; lastKnownFileType = sourcecode.c.objc; path = AnswersTableViewCell.m; sourceTree = "<group>"; };
		F355C8AD1A22CB0300AC1B2F /* AnswersTableViewCell.xib */ = {isa = PBXFileReference; fileEncoding = 4; lastKnownFileType = file.xib; path = AnswersTableViewCell.xib; sourceTree = "<group>"; };
/* End PBXFileReference section */

/* Begin PBXFrameworksBuildPhase section */
		057DC255181DE6AE00D15995 /* Frameworks */ = {
			isa = PBXFrameworksBuildPhase;
			buildActionMask = 2147483647;
			files = (
				F3526F001A1E06CB0083A989 /* AVFoundation.framework in Frameworks */,
				057DC25E181DE6AE00D15995 /* CoreGraphics.framework in Frameworks */,
				057DC260181DE6AE00D15995 /* UIKit.framework in Frameworks */,
				057DC25C181DE6AE00D15995 /* Foundation.framework in Frameworks */,
			);
			runOnlyForDeploymentPostprocessing = 0;
		};
/* End PBXFrameworksBuildPhase section */

/* Begin PBXGroup section */
		057DC24F181DE6AE00D15995 = {
			isa = PBXGroup;
			children = (
				F32766921A1ADF000071EA4C /* ConferenceSpeaker */,
				F32766711A1ADB070071EA4C /* Vendor */,
				057DC25A181DE6AE00D15995 /* Frameworks */,
				057DC259181DE6AE00D15995 /* Products */,
				F32766C51A1AE19D0071EA4C /* Supporting Files */,
			);
			sourceTree = "<group>";
		};
		057DC259181DE6AE00D15995 /* Products */ = {
			isa = PBXGroup;
			children = (
				057DC258181DE6AE00D15995 /* ConferenceSpeaker.app */,
			);
			name = Products;
			sourceTree = "<group>";
		};
		057DC25A181DE6AE00D15995 /* Frameworks */ = {
			isa = PBXGroup;
			children = (
				F3526EFF1A1E06CB0083A989 /* AVFoundation.framework */,
				057DC25B181DE6AE00D15995 /* Foundation.framework */,
				057DC25D181DE6AE00D15995 /* CoreGraphics.framework */,
				057DC25F181DE6AE00D15995 /* UIKit.framework */,
				057DC27A181DE6AE00D15995 /* XCTest.framework */,
			);
			name = Frameworks;
			sourceTree = "<group>";
		};
		530838131A1B7BD5001FA202 /* Voting */ = {
			isa = PBXGroup;
			children = (
				530838101A1B7BCD001FA202 /* VotingTableViewController.h */,
				530838111A1B7BCD001FA202 /* VotingTableViewController.m */,
				F355C8A31A226D6C00AC1B2F /* QuestionTableViewCell.h */,
				F355C8A41A226D6C00AC1B2F /* QuestionTableViewCell.m */,
				F355C8A51A226D6C00AC1B2F /* QuestionTableViewCell.xib */,
				F355C8AB1A22CB0300AC1B2F /* AnswersTableViewCell.h */,
				F355C8AC1A22CB0300AC1B2F /* AnswersTableViewCell.m */,
				F355C8AD1A22CB0300AC1B2F /* AnswersTableViewCell.xib */,
			);
			name = Voting;
			sourceTree = "<group>";
		};
		530838141A1B8124001FA202 /* Reachability */ = {
			isa = PBXGroup;
			children = (
				530838151A1B81CD001FA202 /* Reachability.h */,
				530838161A1B81CD001FA202 /* Reachability.m */,
			);
			name = Reachability;
			sourceTree = "<group>";
		};
		530838181A1BA98B001FA202 /* Server */ = {
			isa = PBXGroup;
			children = (
				530838191A1BA9FC001FA202 /* ServerViewController.h */,
				5308381A1A1BA9FC001FA202 /* ServerViewController.m */,
			);
			name = Server;
			sourceTree = "<group>";
		};
		536915841A1CF4A6005F5301 /* UIViewControllers */ = {
			isa = PBXGroup;
			children = (
				530838181A1BA98B001FA202 /* Server */,
				F32766C91A1AE20E0071EA4C /* UserData */,
				F32766C81A1AE2040071EA4C /* Conference */,
				530838131A1B7BD5001FA202 /* Voting */,
				536915851A1CF6D2005F5301 /* Constants.h */,
				F3526F041A214C590083A989 /* Program */,
			);
			name = UIViewControllers;
			sourceTree = "<group>";
		};
		BDF519A31A252722003D742C /* Novocaine */ = {
			isa = PBXGroup;
			children = (
				BDF519A81A252722003D742C /* Novocaine.h */,
				BDF519A91A252722003D742C /* Novocaine.m */,
			);
			path = Novocaine;
			sourceTree = SOURCE_ROOT;
		};
		BDF519B01A2629A7003D742C /* JSONModel */ = {
			isa = PBXGroup;
			children = (
				BDF519B11A2629A7003D742C /* JSONModel */,
				BDF519BA1A2629A7003D742C /* JSONModelCategories */,
				BDF519BD1A2629A7003D742C /* JSONModelLib.h */,
				BDF519BE1A2629A7003D742C /* JSONModelNetworking */,
				BDF519C51A2629A7003D742C /* JSONModelTransformations */,
			);
			name = JSONModel;
			path = ../JSONModel;
			sourceTree = "<group>";
		};
		BDF519B11A2629A7003D742C /* JSONModel */ = {
			isa = PBXGroup;
			children = (
				BDF519B21A2629A7003D742C /* JSONModel.h */,
				BDF519B31A2629A7003D742C /* JSONModel.m */,
				BDF519B41A2629A7003D742C /* JSONModelArray.h */,
				BDF519B51A2629A7003D742C /* JSONModelArray.m */,
				BDF519B61A2629A7003D742C /* JSONModelClassProperty.h */,
				BDF519B71A2629A7003D742C /* JSONModelClassProperty.m */,
				BDF519B81A2629A7003D742C /* JSONModelError.h */,
				BDF519B91A2629A7003D742C /* JSONModelError.m */,
			);
			path = JSONModel;
			sourceTree = "<group>";
		};
		BDF519BA1A2629A7003D742C /* JSONModelCategories */ = {
			isa = PBXGroup;
			children = (
				BDF519BB1A2629A7003D742C /* NSArray+JSONModel.h */,
				BDF519BC1A2629A7003D742C /* NSArray+JSONModel.m */,
			);
			path = JSONModelCategories;
			sourceTree = "<group>";
		};
		BDF519BE1A2629A7003D742C /* JSONModelNetworking */ = {
			isa = PBXGroup;
			children = (
				BDF519BF1A2629A7003D742C /* JSONAPI.h */,
				BDF519C01A2629A7003D742C /* JSONAPI.m */,
				BDF519C11A2629A7003D742C /* JSONHTTPClient.h */,
				BDF519C21A2629A7003D742C /* JSONHTTPClient.m */,
				BDF519C31A2629A7003D742C /* JSONModel+networking.h */,
				BDF519C41A2629A7003D742C /* JSONModel+networking.m */,
			);
			path = JSONModelNetworking;
			sourceTree = "<group>";
		};
		BDF519C51A2629A7003D742C /* JSONModelTransformations */ = {
			isa = PBXGroup;
			children = (
				BDF519C61A2629A7003D742C /* JSONKeyMapper.h */,
				BDF519C71A2629A7003D742C /* JSONKeyMapper.m */,
				BDF519C81A2629A7003D742C /* JSONValueTransformer.h */,
				BDF519C91A2629A7003D742C /* JSONValueTransformer.m */,
			);
			path = JSONModelTransformations;
			sourceTree = "<group>";
		};
		F32764F81A1AB8A60071EA4C /* ECSlidingViewController */ = {
			isa = PBXGroup;
			children = (
				F32764F91A1AB8A60071EA4C /* ECPercentDrivenInteractiveTransition.h */,
				F32764FA1A1AB8A60071EA4C /* ECPercentDrivenInteractiveTransition.m */,
				F32764FB1A1AB8A60071EA4C /* ECSlidingAnimationController.h */,
				F32764FC1A1AB8A60071EA4C /* ECSlidingAnimationController.m */,
				F32764FD1A1AB8A60071EA4C /* ECSlidingConstants.h */,
				F32764FE1A1AB8A60071EA4C /* ECSlidingInteractiveTransition.h */,
				F32764FF1A1AB8A60071EA4C /* ECSlidingInteractiveTransition.m */,
				F32765001A1AB8A60071EA4C /* ECSlidingSegue.h */,
				F32765011A1AB8A60071EA4C /* ECSlidingSegue.m */,
				F32765021A1AB8A60071EA4C /* ECSlidingViewController.h */,
				F32765031A1AB8A60071EA4C /* ECSlidingViewController.m */,
				F32765041A1AB8A60071EA4C /* UIViewController+ECSlidingViewController.h */,
				F32765051A1AB8A60071EA4C /* UIViewController+ECSlidingViewController.m */,
			);
			name = ECSlidingViewController;
			path = ../ECSlidingViewController;
			sourceTree = "<group>";
		};
		F32765101A1ADB000071EA4C /* GCD */ = {
			isa = PBXGroup;
			children = (
				F32765111A1ADB000071EA4C /* Documentation.html */,
				F32765121A1ADB000071EA4C /* GCDAsyncSocket.h */,
				F32765131A1ADB000071EA4C /* GCDAsyncSocket.m */,
				F32765141A1ADB000071EA4C /* GCDAsyncUdpSocket.h */,
				F32765151A1ADB000071EA4C /* GCDAsyncUdpSocket.m */,
			);
			name = GCD;
			path = ../GCD;
			sourceTree = "<group>";
		};
		F32766711A1ADB070071EA4C /* Vendor */ = {
			isa = PBXGroup;
			children = (
				BDF519B01A2629A7003D742C /* JSONModel */,
				BDF519A31A252722003D742C /* Novocaine */,
				530838141A1B8124001FA202 /* Reachability */,
				F32764F81A1AB8A60071EA4C /* ECSlidingViewController */,
				F32765101A1ADB000071EA4C /* GCD */,
				F32766721A1ADB070071EA4C /* CocoaLumberjack */,
			);
			path = Vendor;
			sourceTree = "<group>";
		};
		F32766721A1ADB070071EA4C /* CocoaLumberjack */ = {
			isa = PBXGroup;
			children = (
				F32766731A1ADB070071EA4C /* DDAbstractDatabaseLogger.h */,
				F32766741A1ADB070071EA4C /* DDAbstractDatabaseLogger.m */,
				F32766751A1ADB070071EA4C /* DDASLLogger.h */,
				F32766761A1ADB070071EA4C /* DDASLLogger.m */,
				F32766771A1ADB070071EA4C /* DDFileLogger.h */,
				F32766781A1ADB070071EA4C /* DDFileLogger.m */,
				F32766791A1ADB070071EA4C /* DDLog+LOGV.h */,
				F327667A1A1ADB070071EA4C /* DDLog.h */,
				F327667B1A1ADB070071EA4C /* DDLog.m */,
				F327667C1A1ADB070071EA4C /* DDTTYLogger.h */,
				F327667D1A1ADB070071EA4C /* DDTTYLogger.m */,
				F327667E1A1ADB070071EA4C /* Extensions */,
			);
			path = CocoaLumberjack;
			sourceTree = "<group>";
		};
		F327667E1A1ADB070071EA4C /* Extensions */ = {
			isa = PBXGroup;
			children = (
				F327667F1A1ADB070071EA4C /* DDContextFilterLogFormatter.h */,
				F32766801A1ADB070071EA4C /* DDContextFilterLogFormatter.m */,
				F32766811A1ADB070071EA4C /* DDDispatchQueueLogFormatter.h */,
				F32766821A1ADB070071EA4C /* DDDispatchQueueLogFormatter.m */,
				F32766831A1ADB070071EA4C /* DDMultiFormatter.h */,
				F32766841A1ADB070071EA4C /* DDMultiFormatter.m */,
				F32766851A1ADB070071EA4C /* README.txt */,
			);
			path = Extensions;
			sourceTree = "<group>";
		};
		F32766921A1ADF000071EA4C /* ConferenceSpeaker */ = {
			isa = PBXGroup;
			children = (
				F3526EEF1A1D55010083A989 /* Sockets */,
				536915841A1CF4A6005F5301 /* UIViewControllers */,
				F32766C31A1AE1230071EA4C /* UI */,
				F32766C71A1AE1ED0071EA4C /* Transition */,
				F32766C61A1AE1CB0071EA4C /* Menu */,
				F32766931A1ADF000071EA4C /* AppDelegate.h */,
				F32766941A1ADF000071EA4C /* AppDelegate.m */,
			);
			path = ConferenceSpeaker;
			sourceTree = "<group>";
		};
		F32766C31A1AE1230071EA4C /* UI */ = {
			isa = PBXGroup;
			children = (
				F32766951A1ADF000071EA4C /* Main-iPad.storyboard */,
				F32766971A1ADF000071EA4C /* Main.storyboard */,
				F327669F1A1ADF000071EA4C /* Images.xcassets */,
			);
			name = UI;
			sourceTree = "<group>";
		};
		F32766C51A1AE19D0071EA4C /* Supporting Files */ = {
			isa = PBXGroup;
			children = (
				F32766A01A1ADF000071EA4C /* main.m */,
				F32766991A1ADF000071EA4C /* ConferenceSpeaker-Info.plist */,
				F327669A1A1ADF000071EA4C /* ConferenceSpeaker-Prefix.pch */,
				F327669D1A1ADF000071EA4C /* InfoPlist.strings */,
			);
			name = "Supporting Files";
			path = ConferenceSpeaker;
			sourceTree = "<group>";
		};
		F32766C61A1AE1CB0071EA4C /* Menu */ = {
			isa = PBXGroup;
			children = (
				F32766A91A1ADF000071EA4C /* METransitions.h */,
				F32766AA1A1ADF000071EA4C /* METransitions.m */,
				F32766A51A1ADF000071EA4C /* MenuViewController.h */,
				F32766A61A1ADF000071EA4C /* MenuViewController.m */,
			);
			name = Menu;
			sourceTree = "<group>";
		};
		F32766C71A1AE1ED0071EA4C /* Transition */ = {
			isa = PBXGroup;
			children = (
				F32766A11A1ADF000071EA4C /* MEDynamicTransition.h */,
				F32766A21A1ADF000071EA4C /* MEDynamicTransition.m */,
				F32766A31A1ADF000071EA4C /* MEFoldAnimationController.h */,
				F32766A41A1ADF000071EA4C /* MEFoldAnimationController.m */,
				F32766AD1A1ADF000071EA4C /* MEZoomAnimationController.h */,
				F32766AE1A1ADF000071EA4C /* MEZoomAnimationController.m */,
			);
			name = Transition;
			sourceTree = "<group>";
		};
		F32766C81A1AE2040071EA4C /* Conference */ = {
			isa = PBXGroup;
			children = (
				F32766AB1A1ADF000071EA4C /* ConferenceViewController.h */,
				F32766AC1A1ADF000071EA4C /* ConferenceViewController.m */,
			);
			name = Conference;
			sourceTree = "<group>";
		};
		F32766C91A1AE20E0071EA4C /* UserData */ = {
			isa = PBXGroup;
			children = (
				F32766AF1A1ADF000071EA4C /* UserDataViewController.h */,
				F32766B01A1ADF000071EA4C /* UserDataViewController.m */,
			);
			name = UserData;
			sourceTree = "<group>";
		};
		F3526EEF1A1D55010083A989 /* Sockets */ = {
			isa = PBXGroup;
			children = (
				F3526EF91A1D5E900083A989 /* ServerDataProcessing.h */,
				F3526EFA1A1D5E900083A989 /* ServerDataProcessing.m */,
				F355C8A81A22B0C600AC1B2F /* VoiceSocketProcessing.h */,
				F355C8A91A22B0C600AC1B2F /* VoiceSocketProcessing.m */,
				BDF519D41A2629F0003D742C /* CommunicationModel.h */,
				BDF519D51A262CBC003D742C /* CommunicationModel.m */,
			);
			name = Sockets;
			sourceTree = "<group>";
		};
		F3526F041A214C590083A989 /* Program */ = {
			isa = PBXGroup;
			children = (
				F3526F011A214C540083A989 /* ProgramViewController.h */,
				F3526F021A214C540083A989 /* ProgramViewController.m */,
			);
			name = Program;
			sourceTree = "<group>";
		};
/* End PBXGroup section */

/* Begin PBXNativeTarget section */
		057DC257181DE6AE00D15995 /* ConferenceSpeaker */ = {
			isa = PBXNativeTarget;
			buildConfigurationList = 057DC28A181DE6AE00D15995 /* Build configuration list for PBXNativeTarget "ConferenceSpeaker" */;
			buildPhases = (
				057DC254181DE6AE00D15995 /* Sources */,
				057DC255181DE6AE00D15995 /* Frameworks */,
				057DC256181DE6AE00D15995 /* Resources */,
			);
			buildRules = (
			);
			dependencies = (
			);
			name = ConferenceSpeaker;
			productName = TransitionFun;
			productReference = 057DC258181DE6AE00D15995 /* ConferenceSpeaker.app */;
			productType = "com.apple.product-type.application";
		};
/* End PBXNativeTarget section */

/* Begin PBXProject section */
		057DC250181DE6AE00D15995 /* Project object */ = {
			isa = PBXProject;
			attributes = {
				CLASSPREFIX = "";
				LastUpgradeCheck = 0610;
				ORGANIZATIONNAME = "Elena Alekseenko";
				TargetAttributes = {
					057DC257181DE6AE00D15995 = {
						DevelopmentTeam = 2WX3KU4Q98;
					};
				};
			};
			buildConfigurationList = 057DC253181DE6AE00D15995 /* Build configuration list for PBXProject "ConferenceSpeaker" */;
			compatibilityVersion = "Xcode 3.2";
			developmentRegion = English;
			hasScannedForEncodings = 0;
			knownRegions = (
				en,
				Base,
				English,
			);
			mainGroup = 057DC24F181DE6AE00D15995;
			productRefGroup = 057DC259181DE6AE00D15995 /* Products */;
			projectDirPath = "";
			projectRoot = "";
			targets = (
				057DC257181DE6AE00D15995 /* ConferenceSpeaker */,
			);
		};
/* End PBXProject section */

/* Begin PBXResourcesBuildPhase section */
		057DC256181DE6AE00D15995 /* Resources */ = {
			isa = PBXResourcesBuildPhase;
			buildActionMask = 2147483647;
			files = (
				F355C8AF1A22CB0300AC1B2F /* AnswersTableViewCell.xib in Resources */,
				F32766C11A1ADFFD0071EA4C /* Main-iPad.storyboard in Resources */,
				F32766C21A1ADFFD0071EA4C /* Main.storyboard in Resources */,
				F327668E1A1ADB070071EA4C /* README.txt in Resources */,
				F32766B61A1ADF000071EA4C /* InfoPlist.strings in Resources */,
				F32766B71A1ADF000071EA4C /* Images.xcassets in Resources */,
				F355C8A71A226D6C00AC1B2F /* QuestionTableViewCell.xib in Resources */,
				F32765F21A1ADB000071EA4C /* Documentation.html in Resources */,
			);
			runOnlyForDeploymentPostprocessing = 0;
		};
/* End PBXResourcesBuildPhase section */

/* Begin PBXSourcesBuildPhase section */
		057DC254181DE6AE00D15995 /* Sources */ = {
			isa = PBXSourcesBuildPhase;
			buildActionMask = 2147483647;
			files = (
				F32766BE1A1ADF000071EA4C /* ConferenceViewController.m in Sources */,
				BDF519CB1A2629A7003D742C /* JSONModelArray.m in Sources */,
				F32765071A1AB8A60071EA4C /* ECSlidingAnimationController.m in Sources */,
				F327668D1A1ADB070071EA4C /* DDMultiFormatter.m in Sources */,
				F32766B91A1ADF000071EA4C /* MEDynamicTransition.m in Sources */,
				F32766891A1ADB070071EA4C /* DDLog.m in Sources */,
				BDF519CE1A2629A7003D742C /* NSArray+JSONModel.m in Sources */,
				F32765061A1AB8A60071EA4C /* ECPercentDrivenInteractiveTransition.m in Sources */,
				F327668B1A1ADB070071EA4C /* DDContextFilterLogFormatter.m in Sources */,
				BDF519CD1A2629A7003D742C /* JSONModelError.m in Sources */,
				F32765F31A1ADB000071EA4C /* GCDAsyncSocket.m in Sources */,
				F327650B1A1AB8A60071EA4C /* UIViewController+ECSlidingViewController.m in Sources */,
				F3526F031A214C540083A989 /* ProgramViewController.m in Sources */,
				F327668C1A1ADB070071EA4C /* DDDispatchQueueLogFormatter.m in Sources */,
				BDF519CF1A2629A7003D742C /* JSONAPI.m in Sources */,
				BDF519AE1A252722003D742C /* Novocaine.m in Sources */,
				530838171A1B81CD001FA202 /* Reachability.m in Sources */,
				BDF519D31A2629A7003D742C /* JSONValueTransformer.m in Sources */,
				F32766BB1A1ADF000071EA4C /* MenuViewController.m in Sources */,
				F32766B81A1ADF000071EA4C /* main.m in Sources */,
				F327668A1A1ADB070071EA4C /* DDTTYLogger.m in Sources */,
				F3526EFB1A1D5E900083A989 /* ServerDataProcessing.m in Sources */,
				F32765F41A1ADB000071EA4C /* GCDAsyncUdpSocket.m in Sources */,
				5308381B1A1BA9FC001FA202 /* ServerViewController.m in Sources */,
				F32765081A1AB8A60071EA4C /* ECSlidingInteractiveTransition.m in Sources */,
				F327650A1A1AB8A60071EA4C /* ECSlidingViewController.m in Sources */,
				F355C8AA1A22B0C600AC1B2F /* VoiceSocketProcessing.m in Sources */,
				F32766861A1ADB070071EA4C /* DDAbstractDatabaseLogger.m in Sources */,
				F32766BF1A1ADF000071EA4C /* MEZoomAnimationController.m in Sources */,
				F32766BD1A1ADF000071EA4C /* METransitions.m in Sources */,
				BDF519CC1A2629A7003D742C /* JSONModelClassProperty.m in Sources */,
				BDF519D01A2629A7003D742C /* JSONHTTPClient.m in Sources */,
				530838121A1B7BCD001FA202 /* VotingTableViewController.m in Sources */,
				F355C8A61A226D6C00AC1B2F /* QuestionTableViewCell.m in Sources */,
				F32766C01A1ADF000071EA4C /* UserDataViewController.m in Sources */,
				BDF519D61A262CBC003D742C /* CommunicationModel.m in Sources */,
				F32766BA1A1ADF000071EA4C /* MEFoldAnimationController.m in Sources */,
				F32766871A1ADB070071EA4C /* DDASLLogger.m in Sources */,
				F32766B11A1ADF000071EA4C /* AppDelegate.m in Sources */,
				F32766881A1ADB070071EA4C /* DDFileLogger.m in Sources */,
				BDF519D21A2629A7003D742C /* JSONKeyMapper.m in Sources */,
				BDF519D11A2629A7003D742C /* JSONModel+networking.m in Sources */,
				BDF519CA1A2629A7003D742C /* JSONModel.m in Sources */,
				F355C8AE1A22CB0300AC1B2F /* AnswersTableViewCell.m in Sources */,
				F32765091A1AB8A60071EA4C /* ECSlidingSegue.m in Sources */,
			);
			runOnlyForDeploymentPostprocessing = 0;
		};
/* End PBXSourcesBuildPhase section */

/* Begin PBXVariantGroup section */
		F32766951A1ADF000071EA4C /* Main-iPad.storyboard */ = {
			isa = PBXVariantGroup;
			children = (
				F32766961A1ADF000071EA4C /* Base */,
			);
			name = "Main-iPad.storyboard";
			sourceTree = "<group>";
		};
		F32766971A1ADF000071EA4C /* Main.storyboard */ = {
			isa = PBXVariantGroup;
			children = (
				F32766981A1ADF000071EA4C /* Base */,
			);
			name = Main.storyboard;
			sourceTree = "<group>";
		};
		F327669D1A1ADF000071EA4C /* InfoPlist.strings */ = {
			isa = PBXVariantGroup;
			children = (
				F327669E1A1ADF000071EA4C /* en */,
			);
			name = InfoPlist.strings;
			sourceTree = "<group>";
		};
/* End PBXVariantGroup section */

/* Begin XCBuildConfiguration section */
		057DC288181DE6AE00D15995 /* Debug */ = {
			isa = XCBuildConfiguration;
			buildSettings = {
				ALWAYS_SEARCH_USER_PATHS = NO;
				CLANG_CXX_LANGUAGE_STANDARD = "gnu++0x";
				CLANG_CXX_LIBRARY = "libc++";
				CLANG_ENABLE_MODULES = YES;
				CLANG_ENABLE_OBJC_ARC = YES;
				CLANG_WARN_BOOL_CONVERSION = YES;
				CLANG_WARN_CONSTANT_CONVERSION = YES;
				CLANG_WARN_DIRECT_OBJC_ISA_USAGE = YES_ERROR;
				CLANG_WARN_EMPTY_BODY = YES;
				CLANG_WARN_ENUM_CONVERSION = YES;
				CLANG_WARN_INT_CONVERSION = YES;
				CLANG_WARN_OBJC_ROOT_CLASS = YES_ERROR;
				CLANG_WARN__DUPLICATE_METHOD_MATCH = YES;
				"CODE_SIGN_IDENTITY[sdk=iphoneos*]" = "iPhone Developer";
				COPY_PHASE_STRIP = NO;
				GCC_C_LANGUAGE_STANDARD = gnu99;
				GCC_DYNAMIC_NO_PIC = NO;
				GCC_OPTIMIZATION_LEVEL = 0;
				GCC_PREPROCESSOR_DEFINITIONS = (
					"DEBUG=1",
					"$(inherited)",
				);
				GCC_SYMBOLS_PRIVATE_EXTERN = NO;
				GCC_WARN_64_TO_32_BIT_CONVERSION = YES;
				GCC_WARN_ABOUT_RETURN_TYPE = YES_ERROR;
				GCC_WARN_UNDECLARED_SELECTOR = YES;
				GCC_WARN_UNINITIALIZED_AUTOS = YES;
				GCC_WARN_UNUSED_FUNCTION = YES;
				GCC_WARN_UNUSED_VARIABLE = YES;
				IPHONEOS_DEPLOYMENT_TARGET = 7.0;
				ONLY_ACTIVE_ARCH = YES;
				SDKROOT = iphoneos;
			};
			name = Debug;
		};
		057DC289181DE6AE00D15995 /* Release */ = {
			isa = XCBuildConfiguration;
			buildSettings = {
				ALWAYS_SEARCH_USER_PATHS = NO;
				CLANG_CXX_LANGUAGE_STANDARD = "gnu++0x";
				CLANG_CXX_LIBRARY = "libc++";
				CLANG_ENABLE_MODULES = YES;
				CLANG_ENABLE_OBJC_ARC = YES;
				CLANG_WARN_BOOL_CONVERSION = YES;
				CLANG_WARN_CONSTANT_CONVERSION = YES;
				CLANG_WARN_DIRECT_OBJC_ISA_USAGE = YES_ERROR;
				CLANG_WARN_EMPTY_BODY = YES;
				CLANG_WARN_ENUM_CONVERSION = YES;
				CLANG_WARN_INT_CONVERSION = YES;
				CLANG_WARN_OBJC_ROOT_CLASS = YES_ERROR;
				CLANG_WARN__DUPLICATE_METHOD_MATCH = YES;
				"CODE_SIGN_IDENTITY[sdk=iphoneos*]" = "iPhone Developer";
				COPY_PHASE_STRIP = YES;
				ENABLE_NS_ASSERTIONS = NO;
				GCC_C_LANGUAGE_STANDARD = gnu99;
				GCC_WARN_64_TO_32_BIT_CONVERSION = YES;
				GCC_WARN_ABOUT_RETURN_TYPE = YES_ERROR;
				GCC_WARN_UNDECLARED_SELECTOR = YES;
				GCC_WARN_UNINITIALIZED_AUTOS = YES;
				GCC_WARN_UNUSED_FUNCTION = YES;
				GCC_WARN_UNUSED_VARIABLE = YES;
				IPHONEOS_DEPLOYMENT_TARGET = 7.0;
				SDKROOT = iphoneos;
				VALIDATE_PRODUCT = YES;
			};
			name = Release;
		};
		057DC28B181DE6AE00D15995 /* Debug */ = {
			isa = XCBuildConfiguration;
			buildSettings = {
				ASSETCATALOG_COMPILER_APPICON_NAME = AppIcon;
				ASSETCATALOG_COMPILER_LAUNCHIMAGE_NAME = LaunchImage;
				CODE_SIGN_IDENTITY = "iPhone Developer";
				"CODE_SIGN_IDENTITY[sdk=iphoneos*]" = "iPhone Developer";
				GCC_PRECOMPILE_PREFIX_HEADER = YES;
				GCC_PREFIX_HEADER = "ConferenceSpeaker/ConferenceSpeaker-Prefix.pch";
				INFOPLIST_FILE = "ConferenceSpeaker/ConferenceSpeaker-Info.plist";
				IPHONEOS_DEPLOYMENT_TARGET = 7.0;
				PRODUCT_NAME = ConferenceSpeaker;
				PROVISIONING_PROFILE = "";
				TARGETED_DEVICE_FAMILY = "1,2";
				WRAPPER_EXTENSION = app;
			};
			name = Debug;
		};
		057DC28C181DE6AE00D15995 /* Release */ = {
			isa = XCBuildConfiguration;
			buildSettings = {
				ASSETCATALOG_COMPILER_APPICON_NAME = AppIcon;
				ASSETCATALOG_COMPILER_LAUNCHIMAGE_NAME = LaunchImage;
				CODE_SIGN_IDENTITY = "iPhone Developer";
				"CODE_SIGN_IDENTITY[sdk=iphoneos*]" = "iPhone Developer";
				GCC_PRECOMPILE_PREFIX_HEADER = YES;
				GCC_PREFIX_HEADER = "ConferenceSpeaker/ConferenceSpeaker-Prefix.pch";
				INFOPLIST_FILE = "ConferenceSpeaker/ConferenceSpeaker-Info.plist";
				IPHONEOS_DEPLOYMENT_TARGET = 7.0;
				PRODUCT_NAME = ConferenceSpeaker;
				PROVISIONING_PROFILE = "";
				TARGETED_DEVICE_FAMILY = "1,2";
				WRAPPER_EXTENSION = app;
			};
			name = Release;
		};
/* End XCBuildConfiguration section */

/* Begin XCConfigurationList section */
		057DC253181DE6AE00D15995 /* Build configuration list for PBXProject "ConferenceSpeaker" */ = {
			isa = XCConfigurationList;
			buildConfigurations = (
				057DC288181DE6AE00D15995 /* Debug */,
				057DC289181DE6AE00D15995 /* Release */,
			);
			defaultConfigurationIsVisible = 0;
			defaultConfigurationName = Release;
		};
		057DC28A181DE6AE00D15995 /* Build configuration list for PBXNativeTarget "ConferenceSpeaker" */ = {
			isa = XCConfigurationList;
			buildConfigurations = (
				057DC28B181DE6AE00D15995 /* Debug */,
				057DC28C181DE6AE00D15995 /* Release */,
			);
			defaultConfigurationIsVisible = 0;
			defaultConfigurationName = Release;
		};
/* End XCConfigurationList section */
	};
	rootObject = 057DC250181DE6AE00D15995 /* Project object */;
}
